
Microsoft Visual Studio Solution File, Format Version 12.00
# Visual Studio Version 17
VisualStudioVersion = 17.14.36518.9
MinimumVisualStudioVersion = 10.0.40219.1
Project("{FAE04EC0-301F-11D3-BF4B-00C04F79EFBC}") = "Exception.task1", "Exception.task1\Exception.task1.csproj", "{DC69EFCB-3E7F-409E-87B9-CF3E61B0EE31}"
EndProject
Project("{FAE04EC0-301F-11D3-BF4B-00C04F79EFBC}") = "Exception.Task2", "Exception.Task2\Exception.Task2.csproj", "{60C06361-14B1-4D2E-87ED-41E4551E4262}"
EndProject
Global
	GlobalSection(SolutionConfigurationPlatforms) = preSolution
		Debug|Any CPU = Debug|Any CPU
		Release|Any CPU = Release|Any CPU
	EndGlobalSection
	GlobalSection(ProjectConfigurationPlatforms) = postSolution
		{DC69EFCB-3E7F-409E-87B9-CF3E61B0EE31}.Debug|Any CPU.ActiveCfg = Debug|Any CPU
		{DC69EFCB-3E7F-409E-87B9-CF3E61B0EE31}.Debug|Any CPU.Build.0 = Debug|Any CPU
		{DC69EFCB-3E7F-409E-87B9-CF3E61B0EE31}.Release|Any CPU.ActiveCfg = Release|Any CPU
		{DC69EFCB-3E7F-409E-87B9-CF3E61B0EE31}.Release|Any CPU.Build.0 = Release|Any CPU
		{60C06361-14B1-4D2E-87ED-41E4551E4262}.Debug|Any CPU.ActiveCfg = Debug|Any CPU
		{60C06361-14B1-4D2E-87ED-41E4551E4262}.Debug|Any CPU.Build.0 = Debug|Any CPU
		{60C06361-14B1-4D2E-87ED-41E4551E4262}.Release|Any CPU.ActiveCfg = Release|Any CPU
		{60C06361-14B1-4D2E-87ED-41E4551E4262}.Release|Any CPU.Build.0 = Release|Any CPU
	EndGlobalSection
	GlobalSection(SolutionProperties) = preSolution
		HideSolutionNode = FALSE
	EndGlobalSection
	GlobalSection(ExtensibilityGlobals) = postSolution
		SolutionGuid = {B656A52D-D8FA-439F-8335-08C0480B3363}
	EndGlobalSection
EndGlobal
